
Microsoft Visual Studio Solution File, Format Version 12.00
# Visual Studio Version 16
VisualStudioVersion = 16.0.31229.75
MinimumVisualStudioVersion = 10.0.40219.1
Project("{FAE04EC0-301F-11D3-BF4B-00C04F79EFBC}") = "UI.Windows", "ERP.UI.Windows\UI.Windows.csproj", "{A978C73C-3789-4AD1-8790-A59664094276}"
EndProject
Project("{FAE04EC0-301F-11D3-BF4B-00C04F79EFBC}") = "Utility", "ERP.Utility\Utility.csproj", "{63AD686E-3477-49A6-B4B3-0CD7F1C0726E}"
EndProject
Project("{FAE04EC0-301F-11D3-BF4B-00C04F79EFBC}") = "Service", "ERP.Service\Service.csproj", "{D5350CE9-E1A3-4C9F-A82E-7D837E1C9D0B}"
EndProject
Project("{FAE04EC0-301F-11D3-BF4B-00C04F79EFBC}") = "Notification", "ERP.Notification\Notification.csproj", "{605006EB-D4E6-4312-A293-3A43FAC43240}"
EndProject
Project("{FAE04EC0-301F-11D3-BF4B-00C04F79EFBC}") = "Domain", "ERP.Domain\Domain.csproj", "{6F02B2C1-4FCE-4427-B949-DAEE3527CAB1}"
EndProject
Global
	GlobalSection(SolutionConfigurationPlatforms) = preSolution
		CD_ROM|Any CPU = CD_ROM|Any CPU
		CD_ROM|x86 = CD_ROM|x86
		Debug|Any CPU = Debug|Any CPU
		Debug|x86 = Debug|x86
		DVD-5|Any CPU = DVD-5|Any CPU
		DVD-5|x86 = DVD-5|x86
		Release|Any CPU = Release|Any CPU
		Release|x86 = Release|x86
		SingleImage|Any CPU = SingleImage|Any CPU
		SingleImage|x86 = SingleImage|x86
	EndGlobalSection
	GlobalSection(ProjectConfigurationPlatforms) = postSolution
		{A978C73C-3789-4AD1-8790-A59664094276}.CD_ROM|Any CPU.ActiveCfg = Release|Any CPU
		{A978C73C-3789-4AD1-8790-A59664094276}.CD_ROM|Any CPU.Build.0 = Release|Any CPU
		{A978C73C-3789-4AD1-8790-A59664094276}.CD_ROM|x86.ActiveCfg = Release|Any CPU
		{A978C73C-3789-4AD1-8790-A59664094276}.CD_ROM|x86.Build.0 = Release|Any CPU
		{A978C73C-3789-4AD1-8790-A59664094276}.Debug|Any CPU.ActiveCfg = Debug|Any CPU
		{A978C73C-3789-4AD1-8790-A59664094276}.Debug|Any CPU.Build.0 = Debug|Any CPU
		{A978C73C-3789-4AD1-8790-A59664094276}.Debug|x86.ActiveCfg = Debug|Any CPU
		{A978C73C-3789-4AD1-8790-A59664094276}.Debug|x86.Build.0 = Debug|Any CPU
		{A978C73C-3789-4AD1-8790-A59664094276}.DVD-5|Any CPU.ActiveCfg = Debug|Any CPU
		{A978C73C-3789-4AD1-8790-A59664094276}.DVD-5|Any CPU.Build.0 = Debug|Any CPU
		{A978C73C-3789-4AD1-8790-A59664094276}.DVD-5|x86.ActiveCfg = Debug|Any CPU
		{A978C73C-3789-4AD1-8790-A59664094276}.DVD-5|x86.Build.0 = Debug|Any CPU
		{A978C73C-3789-4AD1-8790-A59664094276}.Release|Any CPU.ActiveCfg = Release|Any CPU
		{A978C73C-3789-4AD1-8790-A59664094276}.Release|Any CPU.Build.0 = Release|Any CPU
		{A978C73C-3789-4AD1-8790-A59664094276}.Release|x86.ActiveCfg = Release|Any CPU
		{A978C73C-3789-4AD1-8790-A59664094276}.Release|x86.Build.0 = Release|Any CPU
		{A978C73C-3789-4AD1-8790-A59664094276}.SingleImage|Any CPU.ActiveCfg = Release|Any CPU
		{A978C73C-3789-4AD1-8790-A59664094276}.SingleImage|Any CPU.Build.0 = Release|Any CPU
		{A978C73C-3789-4AD1-8790-A59664094276}.SingleImage|x86.ActiveCfg = Release|Any CPU
		{A978C73C-3789-4AD1-8790-A59664094276}.SingleImage|x86.Build.0 = Release|Any CPU
		{63AD686E-3477-49A6-B4B3-0CD7F1C0726E}.CD_ROM|Any CPU.ActiveCfg = Release|Any CPU
		{63AD686E-3477-49A6-B4B3-0CD7F1C0726E}.CD_ROM|Any CPU.Build.0 = Release|Any CPU
		{63AD686E-3477-49A6-B4B3-0CD7F1C0726E}.CD_ROM|x86.ActiveCfg = Release|Any CPU
		{63AD686E-3477-49A6-B4B3-0CD7F1C0726E}.CD_ROM|x86.Build.0 = Release|Any CPU
		{63AD686E-3477-49A6-B4B3-0CD7F1C0726E}.Debug|Any CPU.ActiveCfg = Debug|Any CPU
		{63AD686E-3477-49A6-B4B3-0CD7F1C0726E}.Debug|Any CPU.Build.0 = Debug|Any CPU
		{63AD686E-3477-49A6-B4B3-0CD7F1C0726E}.Debug|x86.ActiveCfg = Debug|Any CPU
		{63AD686E-3477-49A6-B4B3-0CD7F1C0726E}.Debug|x86.Build.0 = Debug|Any CPU
		{63AD686E-3477-49A6-B4B3-0CD7F1C0726E}.DVD-5|Any CPU.ActiveCfg = Debug|Any CPU
		{63AD686E-3477-49A6-B4B3-0CD7F1C0726E}.DVD-5|Any CPU.Build.0 = Debug|Any CPU
		{63AD686E-3477-49A6-B4B3-0CD7F1C0726E}.DVD-5|x86.ActiveCfg = Debug|Any CPU
		{63AD686E-3477-49A6-B4B3-0CD7F1C0726E}.DVD-5|x86.Build.0 = Debug|Any CPU
		{63AD686E-3477-49A6-B4B3-0CD7F1C0726E}.Release|Any CPU.ActiveCfg = Release|Any CPU
		{63AD686E-3477-49A6-B4B3-0CD7F1C0726E}.Release|Any CPU.Build.0 = Release|Any CPU
		{63AD686E-3477-49A6-B4B3-0CD7F1C0726E}.Release|x86.ActiveCfg = Release|Any CPU
		{63AD686E-3477-49A6-B4B3-0CD7F1C0726E}.Release|x86.Build.0 = Release|Any CPU
		{63AD686E-3477-49A6-B4B3-0CD7F1C0726E}.SingleImage|Any CPU.ActiveCfg = Release|Any CPU
		{63AD686E-3477-49A6-B4B3-0CD7F1C0726E}.SingleImage|Any CPU.Build.0 = Release|Any CPU
		{63AD686E-3477-49A6-B4B3-0CD7F1C0726E}.SingleImage|x86.ActiveCfg = Release|Any CPU
		{63AD686E-3477-49A6-B4B3-0CD7F1C0726E}.SingleImage|x86.Build.0 = Release|Any CPU
		{D5350CE9-E1A3-4C9F-A82E-7D837E1C9D0B}.CD_ROM|Any CPU.ActiveCfg = Release|Any CPU
		{D5350CE9-E1A3-4C9F-A82E-7D837E1C9D0B}.CD_ROM|Any CPU.Build.0 = Release|Any CPU
		{D5350CE9-E1A3-4C9F-A82E-7D837E1C9D0B}.CD_ROM|x86.ActiveCfg = Release|Any CPU
		{D5350CE9-E1A3-4C9F-A82E-7D837E1C9D0B}.CD_ROM|x86.Build.0 = Release|Any CPU
		{D5350CE9-E1A3-4C9F-A82E-7D837E1C9D0B}.Debug|Any CPU.ActiveCfg = Debug|Any CPU
		{D5350CE9-E1A3-4C9F-A82E-7D837E1C9D0B}.Debug|Any CPU.Build.0 = Debug|Any CPU
		{D5350CE9-E1A3-4C9F-A82E-7D837E1C9D0B}.Debug|x86.ActiveCfg = Debug|Any CPU
		{D5350CE9-E1A3-4C9F-A82E-7D837E1C9D0B}.Debug|x86.Build.0 = Debug|Any CPU
		{D5350CE9-E1A3-4C9F-A82E-7D837E1C9D0B}.DVD-5|Any CPU.ActiveCfg = Debug|Any CPU
		{D5350CE9-E1A3-4C9F-A82E-7D837E1C9D0B}.DVD-5|Any CPU.Build.0 = Debug|Any CPU
		{D5350CE9-E1A3-4C9F-A82E-7D837E1C9D0B}.DVD-5|x86.ActiveCfg = Debug|Any CPU
		{D5350CE9-E1A3-4C9F-A82E-7D837E1C9D0B}.DVD-5|x86.Build.0 = Debug|Any CPU
		{D5350CE9-E1A3-4C9F-A82E-7D837E1C9D0B}.Release|Any CPU.ActiveCfg = Release|Any CPU
		{D5350CE9-E1A3-4C9F-A82E-7D837E1C9D0B}.Release|Any CPU.Build.0 = Release|Any CPU
		{D5350CE9-E1A3-4C9F-A82E-7D837E1C9D0B}.Release|x86.ActiveCfg = Release|Any CPU
		{D5350CE9-E1A3-4C9F-A82E-7D837E1C9D0B}.Release|x86.Build.0 = Release|Any CPU
		{D5350CE9-E1A3-4C9F-A82E-7D837E1C9D0B}.SingleImage|Any CPU.ActiveCfg = Release|Any CPU
		{D5350CE9-E1A3-4C9F-A82E-7D837E1C9D0B}.SingleImage|Any CPU.Build.0 = Release|Any CPU
		{D5350CE9-E1A3-4C9F-A82E-7D837E1C9D0B}.SingleImage|x86.ActiveCfg = Release|Any CPU
		{D5350CE9-E1A3-4C9F-A82E-7D837E1C9D0B}.SingleImage|x86.Build.0 = Release|Any CPU
		{605006EB-D4E6-4312-A293-3A43FAC43240}.CD_ROM|Any CPU.ActiveCfg = Release|Any CPU
		{605006EB-D4E6-4312-A293-3A43FAC43240}.CD_ROM|Any CPU.Build.0 = Release|Any CPU
		{605006EB-D4E6-4312-A293-3A43FAC43240}.CD_ROM|x86.ActiveCfg = Release|Any CPU
		{605006EB-D4E6-4312-A293-3A43FAC43240}.CD_ROM|x86.Build.0 = Release|Any CPU
		{605006EB-D4E6-4312-A293-3A43FAC43240}.Debug|Any CPU.ActiveCfg = Debug|Any CPU
		{605006EB-D4E6-4312-A293-3A43FAC43240}.Debug|Any CPU.Build.0 = Debug|Any CPU
		{605006EB-D4E6-4312-A293-3A43FAC43240}.Debug|x86.ActiveCfg = Debug|Any CPU
		{605006EB-D4E6-4312-A293-3A43FAC43240}.Debug|x86.Build.0 = Debug|Any CPU
		{605006EB-D4E6-4312-A293-3A43FAC43240}.DVD-5|Any CPU.ActiveCfg = Debug|Any CPU
		{605006EB-D4E6-4312-A293-3A43FAC43240}.DVD-5|Any CPU.Build.0 = Debug|Any CPU
		{605006EB-D4E6-4312-A293-3A43FAC43240}.DVD-5|x86.ActiveCfg = Debug|Any CPU
		{605006EB-D4E6-4312-A293-3A43FAC43240}.DVD-5|x86.Build.0 = Debug|Any CPU
		{605006EB-D4E6-4312-A293-3A43FAC43240}.Release|Any CPU.ActiveCfg = Release|Any CPU
		{605006EB-D4E6-4312-A293-3A43FAC43240}.Release|Any CPU.Build.0 = Release|Any CPU
		{605006EB-D4E6-4312-A293-3A43FAC43240}.Release|x86.ActiveCfg = Release|Any CPU
		{605006EB-D4E6-4312-A293-3A43FAC43240}.Release|x86.Build.0 = Release|Any CPU
		{605006EB-D4E6-4312-A293-3A43FAC43240}.SingleImage|Any CPU.ActiveCfg = Release|Any CPU
		{605006EB-D4E6-4312-A293-3A43FAC43240}.SingleImage|Any CPU.Build.0 = Release|Any CPU
		{605006EB-D4E6-4312-A293-3A43FAC43240}.SingleImage|x86.ActiveCfg = Release|Any CPU
		{605006EB-D4E6-4312-A293-3A43FAC43240}.SingleImage|x86.Build.0 = Release|Any CPU
		{6F02B2C1-4FCE-4427-B949-DAEE3527CAB1}.CD_ROM|Any CPU.ActiveCfg = Release|Any CPU
		{6F02B2C1-4FCE-4427-B949-DAEE3527CAB1}.CD_ROM|Any CPU.Build.0 = Release|Any CPU
		{6F02B2C1-4FCE-4427-B949-DAEE3527CAB1}.CD_ROM|x86.ActiveCfg = Release|Any CPU
		{6F02B2C1-4FCE-4427-B949-DAEE3527CAB1}.CD_ROM|x86.Build.0 = Release|Any CPU
		{6F02B2C1-4FCE-4427-B949-DAEE3527CAB1}.Debug|Any CPU.ActiveCfg = Debug|Any CPU
		{6F02B2C1-4FCE-4427-B949-DAEE3527CAB1}.Debug|Any CPU.Build.0 = Debug|Any CPU
		{6F02B2C1-4FCE-4427-B949-DAEE3527CAB1}.Debug|x86.ActiveCfg = Debug|Any CPU
		{6F02B2C1-4FCE-4427-B949-DAEE3527CAB1}.Debug|x86.Build.0 = Debug|Any CPU
		{6F02B2C1-4FCE-4427-B949-DAEE3527CAB1}.DVD-5|Any CPU.ActiveCfg = Debug|Any CPU
		{6F02B2C1-4FCE-4427-B949-DAEE3527CAB1}.DVD-5|Any CPU.Build.0 = Debug|Any CPU
		{6F02B2C1-4FCE-4427-B949-DAEE3527CAB1}.DVD-5|x86.ActiveCfg = Debug|Any CPU
		{6F02B2C1-4FCE-4427-B949-DAEE3527CAB1}.DVD-5|x86.Build.0 = Debug|Any CPU
		{6F02B2C1-4FCE-4427-B949-DAEE3527CAB1}.Release|Any CPU.ActiveCfg = Release|Any CPU
		{6F02B2C1-4FCE-4427-B949-DAEE3527CAB1}.Release|Any CPU.Build.0 = Release|Any CPU
		{6F02B2C1-4FCE-4427-B949-DAEE3527CAB1}.Release|x86.ActiveCfg = Release|Any CPU
		{6F02B2C1-4FCE-4427-B949-DAEE3527CAB1}.Release|x86.Build.0 = Release|Any CPU
		{6F02B2C1-4FCE-4427-B949-DAEE3527CAB1}.SingleImage|Any CPU.ActiveCfg = Release|Any CPU
		{6F02B2C1-4FCE-4427-B949-DAEE3527CAB1}.SingleImage|Any CPU.Build.0 = Release|Any CPU
		{6F02B2C1-4FCE-4427-B949-DAEE3527CAB1}.SingleImage|x86.ActiveCfg = Release|Any CPU
		{6F02B2C1-4FCE-4427-B949-DAEE3527CAB1}.SingleImage|x86.Build.0 = Release|Any CPU
	EndGlobalSection
	GlobalSection(SolutionProperties) = preSolution
		HideSolutionNode = FALSE
	EndGlobalSection
	GlobalSection(ExtensibilityGlobals) = postSolution
		SolutionGuid = {B0BDA65C-9457-4286-A887-CB4BA86995C8}
	EndGlobalSection
EndGlobal
